PODS:
  - KZ_Database (0.1.5):
    - KZ_JSON
  - KZ_JSON (0.1.4)
  - KZ_Model (0.1.5):
    - KZ_JSON

DEPENDENCIES:
  - KZ_Database
  - KZ_Model

SPEC REPOS:
  trunk:
    - KZ_Database
    - KZ_JSON
    - KZ_Model

SPEC CHECKSUMS:
  KZ_Database: 093e762d10b8b7c7e8869c90aafc7471dd0f1301
  KZ_JSON: b5d413054e451a67a50cb733cb9e8d8d7e096dd4
  KZ_Model: 9d98374e2272bd8dfe3acb73e187ec24c0fceec8

PODFILE CHECKSUM: f1ff1b489bc324517f84a595dc835d8ddb535d4f

COCOAPODS: 1.9.1
